{
  "name": "ManikSvet",
  "lockfileVersion": 3,
  "requires": true,
  "packages": {
    "": {
      "dependencies": {
        "tmole": "^1.0.1"
      }
    },
    "node_modules/tmole": {
      "version": "1.0.1",
      "resolved": "https://registry.npmjs.org/tmole/-/tmole-1.0.1.tgz",
      "integrity": "sha512-yNT8GLu0UpJ2m75ymp9NB29FqgdKavmWUMJrfse3pei+ozkDseduBqRDf8IMDSKtoSCfy2sAMec8UKErAW8qJA==",
      "bin": {
        "tmole": "dist/bin/tmole.js"
      }
    }
  }
}
